// !$*UTF8*$!
{
	archiveVersion = 1;
	classes = {
	};
	objectVersion = 52;
	objects = {

/* Begin PBXBuildFile section */
		FA3AA2A62511362A00D5789A /* AppDelegate.swift in Sources */ = {isa = PBXBuildFile; fileRef = FA3AA2A52511362A00D5789A /* AppDelegate.swift */; };
		FA3AA2A82511362A00D5789A /* SceneDelegate.swift in Sources */ = {isa = PBXBuildFile; fileRef = FA3AA2A72511362A00D5789A /* SceneDelegate.swift */; };
		FA3AA2AF2511362C00D5789A /* Assets.xcassets in Resources */ = {isa = PBXBuildFile; fileRef = FA3AA2AE2511362C00D5789A /* Assets.xcassets */; };
		FA3AA2B22511362C00D5789A /* LaunchScreen.storyboard in Resources */ = {isa = PBXBuildFile; fileRef = FA3AA2B02511362C00D5789A /* LaunchScreen.storyboard */; };
		FA3AA2BD2511362C00D5789A /* SoketDemonstrationAppTests.swift in Sources */ = {isa = PBXBuildFile; fileRef = FA3AA2BC2511362C00D5789A /* SoketDemonstrationAppTests.swift */; };
		FA3AA2CA2511366100D5789A /* MonitorViewController.swift in Sources */ = {isa = PBXBuildFile; fileRef = FA3AA2C92511366100D5789A /* MonitorViewController.swift */; };
		FA3AA2CC2511367000D5789A /* MonitorViewController.storyboard in Resources */ = {isa = PBXBuildFile; fileRef = FA3AA2CB2511367000D5789A /* MonitorViewController.storyboard */; };
		FA3AA2CE2511368200D5789A /* MonitorPresenter.swift in Sources */ = {isa = PBXBuildFile; fileRef = FA3AA2CD2511368200D5789A /* MonitorPresenter.swift */; };
		FA3AA2D12511372300D5789A /* QuoteService.swift in Sources */ = {isa = PBXBuildFile; fileRef = FA3AA2D02511372300D5789A /* QuoteService.swift */; };
		FA3AA2D22511372300D5789A /* QuoteService.swift in Sources */ = {isa = PBXBuildFile; fileRef = FA3AA2D02511372300D5789A /* QuoteService.swift */; };
		FA3AA2D52511375B00D5789A /* Quote.swift in Sources */ = {isa = PBXBuildFile; fileRef = FA3AA2D42511375B00D5789A /* Quote.swift */; };
		FA3AA2D62511375B00D5789A /* Quote.swift in Sources */ = {isa = PBXBuildFile; fileRef = FA3AA2D42511375B00D5789A /* Quote.swift */; };
		FA3AA2E6251138F600D5789A /* Models.swift in Sources */ = {isa = PBXBuildFile; fileRef = FA3AA2DC251138F500D5789A /* Models.swift */; };
		FA3AA2E7251138F600D5789A /* Models.swift in Sources */ = {isa = PBXBuildFile; fileRef = FA3AA2DC251138F500D5789A /* Models.swift */; };
		FA3AA2EC2511393E00D5789A /* QuoteSocketRouter.swift in Sources */ = {isa = PBXBuildFile; fileRef = FA3AA2EB2511393E00D5789A /* QuoteSocketRouter.swift */; };
		FA3AA2ED2511393E00D5789A /* QuoteSocketRouter.swift in Sources */ = {isa = PBXBuildFile; fileRef = FA3AA2EB2511393E00D5789A /* QuoteSocketRouter.swift */; };
		FA3AA2F025113A3500D5789A /* SocketIO in Frameworks */ = {isa = PBXBuildFile; productRef = FA3AA2EF25113A3500D5789A /* SocketIO */; };
		FA3AA30D25113E8000D5789A /* UIViewController+Ext.swift in Sources */ = {isa = PBXBuildFile; fileRef = FA3AA30C25113E8000D5789A /* UIViewController+Ext.swift */; };
		FA3AA30E25113E8000D5789A /* UIViewController+Ext.swift in Sources */ = {isa = PBXBuildFile; fileRef = FA3AA30C25113E8000D5789A /* UIViewController+Ext.swift */; };
		FA3AA3102511FD8200D5789A /* SoketManager.swift in Sources */ = {isa = PBXBuildFile; fileRef = FA3AA30F2511FD8200D5789A /* SoketManager.swift */; };
		FA3AA3112511FD8200D5789A /* SoketManager.swift in Sources */ = {isa = PBXBuildFile; fileRef = FA3AA30F2511FD8200D5789A /* SoketManager.swift */; };
		FA3AA313251203A300D5789A /* SoketRouter.swift in Sources */ = {isa = PBXBuildFile; fileRef = FA3AA312251203A300D5789A /* SoketRouter.swift */; };
		FA3AA314251203A300D5789A /* SoketRouter.swift in Sources */ = {isa = PBXBuildFile; fileRef = FA3AA312251203A300D5789A /* SoketRouter.swift */; };
		FA91EB7D25158120001B3693 /* APIService.swift in Sources */ = {isa = PBXBuildFile; fileRef = FAF2930225156C8C0020056B /* APIService.swift */; };
		FAADCA8A2514185400A23768 /* APIError.swift in Sources */ = {isa = PBXBuildFile; fileRef = FAADCA892514185400A23768 /* APIError.swift */; };
		FAADCA8D2514240000A23768 /* QuoteCell.swift in Sources */ = {isa = PBXBuildFile; fileRef = FAADCA8C2514240000A23768 /* QuoteCell.swift */; };
		FAADCA9225142A3E00A23768 /* UIImageView+Ext.swift in Sources */ = {isa = PBXBuildFile; fileRef = FAADCA9125142A3E00A23768 /* UIImageView+Ext.swift */; };
		FAADCA95251542BF00A23768 /* TabBarController.storyboard in Resources */ = {isa = PBXBuildFile; fileRef = FAADCA94251542BF00A23768 /* TabBarController.storyboard */; };
		FAADCA972515490600A23768 /* TabBarController.swift in Sources */ = {isa = PBXBuildFile; fileRef = FAADCA962515490600A23768 /* TabBarController.swift */; };
		FAADCA9A25154BC200A23768 /* TopStocksViewController.swift in Sources */ = {isa = PBXBuildFile; fileRef = FAADCA9925154BC200A23768 /* TopStocksViewController.swift */; };
		FAADCA9C25154BCA00A23768 /* TopStocksViewController.storyboard in Resources */ = {isa = PBXBuildFile; fileRef = FAADCA9B25154BCA00A23768 /* TopStocksViewController.storyboard */; };
		FAADCAA025154D0900A23768 /* QuoteCell.xib in Resources */ = {isa = PBXBuildFile; fileRef = FAADCA9F25154D0900A23768 /* QuoteCell.xib */; };
		FAADCAA8251553F300A23768 /* TopStocksPresenter.swift in Sources */ = {isa = PBXBuildFile; fileRef = FAADCAA5251553BA00A23768 /* TopStocksPresenter.swift */; };
		FAF292F925155A190020056B /* HTTPManager.swift in Sources */ = {isa = PBXBuildFile; fileRef = FAF292F825155A190020056B /* HTTPManager.swift */; };
		FAF292FB25155A830020056B /* Logger.swift in Sources */ = {isa = PBXBuildFile; fileRef = FAF292FA25155A830020056B /* Logger.swift */; };
		FAF292FE25155F180020056B /* HTTPRouter.swift in Sources */ = {isa = PBXBuildFile; fileRef = FAF292FD25155F180020056B /* HTTPRouter.swift */; };
		FAF2930125155FEF0020056B /* QuoteHTTPRouter.swift in Sources */ = {isa = PBXBuildFile; fileRef = FAF2930025155FEF0020056B /* QuoteHTTPRouter.swift */; };
		FAF2930325156C8C0020056B /* APIService.swift in Sources */ = {isa = PBXBuildFile; fileRef = FAF2930225156C8C0020056B /* APIService.swift */; };
		FAFE643D25163B9E009C900B /* Animator.swift in Sources */ = {isa = PBXBuildFile; fileRef = FAFE643C25163B9E009C900B /* Animator.swift */; };
		FAFE643F25191F80009C900B /* UIView+Ext.swift in Sources */ = {isa = PBXBuildFile; fileRef = FAFE643E25191F80009C900B /* UIView+Ext.swift */; };
		FAFE644125192050009C900B /* Foundation+Ext.swift in Sources */ = {isa = PBXBuildFile; fileRef = FAFE644025192050009C900B /* Foundation+Ext.swift */; };
		FAFE6442251927A2009C900B /* APIError.swift in Sources */ = {isa = PBXBuildFile; fileRef = FAADCA892514185400A23768 /* APIError.swift */; };
		FAFE6443251927A7009C900B /* HTTPManager.swift in Sources */ = {isa = PBXBuildFile; fileRef = FAF292F825155A190020056B /* HTTPManager.swift */; };
		FAFE6444251927D5009C900B /* Logger.swift in Sources */ = {isa = PBXBuildFile; fileRef = FAF292FA25155A830020056B /* Logger.swift */; };
		FAFE6445251927E4009C900B /* QuoteHTTPRouter.swift in Sources */ = {isa = PBXBuildFile; fileRef = FAF2930025155FEF0020056B /* QuoteHTTPRouter.swift */; };
		FAFE6446251927F5009C900B /* HTTPRouter.swift in Sources */ = {isa = PBXBuildFile; fileRef = FAF292FD25155F180020056B /* HTTPRouter.swift */; };
		FAFE644725192809009C900B /* Foundation+Ext.swift in Sources */ = {isa = PBXBuildFile; fileRef = FAFE644025192050009C900B /* Foundation+Ext.swift */; };
/* End PBXBuildFile section */

/* Begin PBXContainerItemProxy section */
		FA3AA2B92511362C00D5789A /* PBXContainerItemProxy */ = {
			isa = PBXContainerItemProxy;
			containerPortal = FA3AA29A2511362A00D5789A /* Project object */;
			proxyType = 1;
			remoteGlobalIDString = FA3AA2A12511362A00D5789A;
			remoteInfo = SoketDemonstrationApp;
		};
/* End PBXContainerItemProxy section */

/* Begin PBXFileReference section */
		FA3AA2A22511362A00D5789A /* SoketDemonstrationApp.app */ = {isa = PBXFileReference; explicitFileType = wrapper.application; includeInIndex = 0; path = SoketDemonstrationApp.app; sourceTree = BUILT_PRODUCTS_DIR; };
		FA3AA2A52511362A00D5789A /* AppDelegate.swift */ = {isa = PBXFileReference; lastKnownFileType = sourcecode.swift; path = AppDelegate.swift; sourceTree = "<group>"; };
		FA3AA2A72511362A00D5789A /* SceneDelegate.swift */ = {isa = PBXFileReference; lastKnownFileType = sourcecode.swift; path = SceneDelegate.swift; sourceTree = "<group>"; };
		FA3AA2AE2511362C00D5789A /* Assets.xcassets */ = {isa = PBXFileReference; lastKnownFileType = folder.assetcatalog; path = Assets.xcassets; sourceTree = "<group>"; };
		FA3AA2B12511362C00D5789A /* Base */ = {isa = PBXFileReference; lastKnownFileType = file.storyboard; name = Base; path = Base.lproj/LaunchScreen.storyboard; sourceTree = "<group>"; };
		FA3AA2B32511362C00D5789A /* Info.plist */ = {isa = PBXFileReference; lastKnownFileType = text.plist.xml; path = Info.plist; sourceTree = "<group>"; };
		FA3AA2B82511362C00D5789A /* SoketDemonstrationAppTests.xctest */ = {isa = PBXFileReference; explicitFileType = wrapper.cfbundle; includeInIndex = 0; path = SoketDemonstrationAppTests.xctest; sourceTree = BUILT_PRODUCTS_DIR; };
		FA3AA2BC2511362C00D5789A /* SoketDemonstrationAppTests.swift */ = {isa = PBXFileReference; lastKnownFileType = sourcecode.swift; path = SoketDemonstrationAppTests.swift; sourceTree = "<group>"; };
		FA3AA2BE2511362C00D5789A /* Info.plist */ = {isa = PBXFileReference; lastKnownFileType = text.plist.xml; path = Info.plist; sourceTree = "<group>"; };
		FA3AA2C92511366100D5789A /* MonitorViewController.swift */ = {isa = PBXFileReference; lastKnownFileType = sourcecode.swift; path = MonitorViewController.swift; sourceTree = "<group>"; };
		FA3AA2CB2511367000D5789A /* MonitorViewController.storyboard */ = {isa = PBXFileReference; lastKnownFileType = file.storyboard; path = MonitorViewController.storyboard; sourceTree = "<group>"; };
		FA3AA2CD2511368200D5789A /* MonitorPresenter.swift */ = {isa = PBXFileReference; lastKnownFileType = sourcecode.swift; path = MonitorPresenter.swift; sourceTree = "<group>"; };
		FA3AA2D02511372300D5789A /* QuoteService.swift */ = {isa = PBXFileReference; lastKnownFileType = sourcecode.swift; path = QuoteService.swift; sourceTree = "<group>"; };
		FA3AA2D42511375B00D5789A /* Quote.swift */ = {isa = PBXFileReference; lastKnownFileType = sourcecode.swift; path = Quote.swift; sourceTree = "<group>"; };
		FA3AA2DC251138F500D5789A /* Models.swift */ = {isa = PBXFileReference; fileEncoding = 4; lastKnownFileType = sourcecode.swift; path = Models.swift; sourceTree = "<group>"; };
		FA3AA2EB2511393E00D5789A /* QuoteSocketRouter.swift */ = {isa = PBXFileReference; lastKnownFileType = sourcecode.swift; path = QuoteSocketRouter.swift; sourceTree = "<group>"; };
		FA3AA30C25113E8000D5789A /* UIViewController+Ext.swift */ = {isa = PBXFileReference; fileEncoding = 4; lastKnownFileType = sourcecode.swift; path = "UIViewController+Ext.swift"; sourceTree = "<group>"; };
		FA3AA30F2511FD8200D5789A /* SoketManager.swift */ = {isa = PBXFileReference; lastKnownFileType = sourcecode.swift; path = SoketManager.swift; sourceTree = "<group>"; };
		FA3AA312251203A300D5789A /* SoketRouter.swift */ = {isa = PBXFileReference; lastKnownFileType = sourcecode.swift; path = SoketRouter.swift; sourceTree = "<group>"; };
		FAADCA892514185400A23768 /* APIError.swift */ = {isa = PBXFileReference; lastKnownFileType = sourcecode.swift; path = APIError.swift; sourceTree = "<group>"; };
		FAADCA8C2514240000A23768 /* QuoteCell.swift */ = {isa = PBXFileReference; lastKnownFileType = sourcecode.swift; path = QuoteCell.swift; sourceTree = "<group>"; };
		FAADCA9125142A3E00A23768 /* UIImageView+Ext.swift */ = {isa = PBXFileReference; fileEncoding = 4; lastKnownFileType = sourcecode.swift; path = "UIImageView+Ext.swift"; sourceTree = "<group>"; };
		FAADCA94251542BF00A23768 /* TabBarController.storyboard */ = {isa = PBXFileReference; lastKnownFileType = file.storyboard; path = TabBarController.storyboard; sourceTree = "<group>"; };
		FAADCA962515490600A23768 /* TabBarController.swift */ = {isa = PBXFileReference; lastKnownFileType = sourcecode.swift; path = TabBarController.swift; sourceTree = "<group>"; };
		FAADCA9925154BC200A23768 /* TopStocksViewController.swift */ = {isa = PBXFileReference; lastKnownFileType = sourcecode.swift; path = TopStocksViewController.swift; sourceTree = "<group>"; };
		FAADCA9B25154BCA00A23768 /* TopStocksViewController.storyboard */ = {isa = PBXFileReference; lastKnownFileType = file.storyboard; path = TopStocksViewController.storyboard; sourceTree = "<group>"; };
		FAADCA9F25154D0900A23768 /* QuoteCell.xib */ = {isa = PBXFileReference; lastKnownFileType = file.xib; path = QuoteCell.xib; sourceTree = "<group>"; };
		FAADCAA5251553BA00A23768 /* TopStocksPresenter.swift */ = {isa = PBXFileReference; fileEncoding = 4; lastKnownFileType = sourcecode.swift; path = TopStocksPresenter.swift; sourceTree = "<group>"; };
		FAF292F825155A190020056B /* HTTPManager.swift */ = {isa = PBXFileReference; fileEncoding = 4; lastKnownFileType = sourcecode.swift; path = HTTPManager.swift; sourceTree = "<group>"; };
		FAF292FA25155A830020056B /* Logger.swift */ = {isa = PBXFileReference; fileEncoding = 4; lastKnownFileType = sourcecode.swift; path = Logger.swift; sourceTree = "<group>"; };
		FAF292FD25155F180020056B /* HTTPRouter.swift */ = {isa = PBXFileReference; fileEncoding = 4; lastKnownFileType = sourcecode.swift; path = HTTPRouter.swift; sourceTree = "<group>"; };
		FAF2930025155FEF0020056B /* QuoteHTTPRouter.swift */ = {isa = PBXFileReference; lastKnownFileType = sourcecode.swift; path = QuoteHTTPRouter.swift; sourceTree = "<group>"; };
		FAF2930225156C8C0020056B /* APIService.swift */ = {isa = PBXFileReference; fileEncoding = 4; lastKnownFileType = sourcecode.swift; path = APIService.swift; sourceTree = "<group>"; };
		FAFE643C25163B9E009C900B /* Animator.swift */ = {isa = PBXFileReference; lastKnownFileType = sourcecode.swift; path = Animator.swift; sourceTree = "<group>"; };
		FAFE643E25191F80009C900B /* UIView+Ext.swift */ = {isa = PBXFileReference; fileEncoding = 4; lastKnownFileType = sourcecode.swift; path = "UIView+Ext.swift"; sourceTree = "<group>"; };
		FAFE644025192050009C900B /* Foundation+Ext.swift */ = {isa = PBXFileReference; lastKnownFileType = sourcecode.swift; path = "Foundation+Ext.swift"; sourceTree = "<group>"; };
/* End PBXFileReference section */

/* Begin PBXFrameworksBuildPhase section */
		FA3AA29F2511362A00D5789A /* Frameworks */ = {
			isa = PBXFrameworksBuildPhase;
			buildActionMask = 2147483647;
			files = (
				FA3AA2F025113A3500D5789A /* SocketIO in Frameworks */,
			);
			runOnlyForDeploymentPostprocessing = 0;
		};
		FA3AA2B52511362C00D5789A /* Frameworks */ = {
			isa = PBXFrameworksBuildPhase;
			buildActionMask = 2147483647;
			files = (
			);
			runOnlyForDeploymentPostprocessing = 0;
		};
/* End PBXFrameworksBuildPhase section */

/* Begin PBXGroup section */
		FA3AA2992511362A00D5789A = {
			isa = PBXGroup;
			children = (
				FA3AA2A42511362A00D5789A /* SoketDemonstrationApp */,
				FA3AA2BB2511362C00D5789A /* SoketDemonstrationAppTests */,
				FA3AA2A32511362A00D5789A /* Products */,
			);
			sourceTree = "<group>";
		};
		FA3AA2A32511362A00D5789A /* Products */ = {
			isa = PBXGroup;
			children = (
				FA3AA2A22511362A00D5789A /* SoketDemonstrationApp.app */,
				FA3AA2B82511362C00D5789A /* SoketDemonstrationAppTests.xctest */,
			);
			name = Products;
			sourceTree = "<group>";
		};
		FA3AA2A42511362A00D5789A /* SoketDemonstrationApp */ = {
			isa = PBXGroup;
			children = (
				FA3AA30B25113E6400D5789A /* Helpers */,
				FA3AA2D7251138CE00D5789A /* API */,
				FA3AA2CF251136A600D5789A /* Services */,
				FAF292FF25155FB60020056B /* Routers */,
				FAF292FC25155A880020056B /* Managers */,
				FA3AA2D32511373C00D5789A /* Models */,
				FAADCA8B251423DE00A23768 /* Cells */,
				FA3AA2C72511363500D5789A /* Scenes */,
				FA3AA2A52511362A00D5789A /* AppDelegate.swift */,
				FA3AA2A72511362A00D5789A /* SceneDelegate.swift */,
				FA3AA2AE2511362C00D5789A /* Assets.xcassets */,
				FA3AA2B02511362C00D5789A /* LaunchScreen.storyboard */,
				FA3AA2B32511362C00D5789A /* Info.plist */,
			);
			path = SoketDemonstrationApp;
			sourceTree = "<group>";
		};
		FA3AA2BB2511362C00D5789A /* SoketDemonstrationAppTests */ = {
			isa = PBXGroup;
			children = (
				FA3AA2BC2511362C00D5789A /* SoketDemonstrationAppTests.swift */,
				FA3AA2BE2511362C00D5789A /* Info.plist */,
			);
			path = SoketDemonstrationAppTests;
			sourceTree = "<group>";
		};
		FA3AA2C72511363500D5789A /* Scenes */ = {
			isa = PBXGroup;
			children = (
				FAADCA93251542A200A23768 /* TabBar */,
				FA3AA2C82511364000D5789A /* Monitor */,
				FAADCA9825154BA100A23768 /* TopStocks */,
			);
			path = Scenes;
			sourceTree = "<group>";
		};
		FA3AA2C82511364000D5789A /* Monitor */ = {
			isa = PBXGroup;
			children = (
				FA3AA2CD2511368200D5789A /* MonitorPresenter.swift */,
				FA3AA2C92511366100D5789A /* MonitorViewController.swift */,
				FA3AA2CB2511367000D5789A /* MonitorViewController.storyboard */,
			);
			path = Monitor;
			sourceTree = "<group>";
		};
		FA3AA2CF251136A600D5789A /* Services */ = {
			isa = PBXGroup;
			children = (
				FA3AA2D02511372300D5789A /* QuoteService.swift */,
			);
			path = Services;
			sourceTree = "<group>";
		};
		FA3AA2D32511373C00D5789A /* Models */ = {
			isa = PBXGroup;
			children = (
				FA3AA2D42511375B00D5789A /* Quote.swift */,
			);
			path = Models;
			sourceTree = "<group>";
		};
		FA3AA2D7251138CE00D5789A /* API */ = {
			isa = PBXGroup;
			children = (
				FAF2930225156C8C0020056B /* APIService.swift */,
				FAF292F7251559BB0020056B /* PromiseKit */,
				FAF292F6251558E40020056B /* Errors */,
				FAF292F5251554F10020056B /* Soket */,
				FAF292F4251554E10020056B /* HTTP */,
			);
			path = API;
			sourceTree = "<group>";
		};
		FA3AA30B25113E6400D5789A /* Helpers */ = {
			isa = PBXGroup;
			children = (
				FAFE643E25191F80009C900B /* UIView+Ext.swift */,
				FAADCA9125142A3E00A23768 /* UIImageView+Ext.swift */,
				FA3AA30C25113E8000D5789A /* UIViewController+Ext.swift */,
				FAFE644025192050009C900B /* Foundation+Ext.swift */,
			);
			path = Helpers;
			sourceTree = "<group>";
		};
		FAADCA8B251423DE00A23768 /* Cells */ = {
			isa = PBXGroup;
			children = (
				FAADCA8C2514240000A23768 /* QuoteCell.swift */,
				FAADCA9F25154D0900A23768 /* QuoteCell.xib */,
			);
			path = Cells;
			sourceTree = "<group>";
		};
		FAADCA93251542A200A23768 /* TabBar */ = {
			isa = PBXGroup;
			children = (
				FAADCA962515490600A23768 /* TabBarController.swift */,
				FAADCA94251542BF00A23768 /* TabBarController.storyboard */,
			);
			path = TabBar;
			sourceTree = "<group>";
		};
		FAADCA9825154BA100A23768 /* TopStocks */ = {
			isa = PBXGroup;
			children = (
				FAADCAA5251553BA00A23768 /* TopStocksPresenter.swift */,
				FAADCA9925154BC200A23768 /* TopStocksViewController.swift */,
				FAADCA9B25154BCA00A23768 /* TopStocksViewController.storyboard */,
			);
			path = TopStocks;
			sourceTree = "<group>";
		};
		FAF292F4251554E10020056B /* HTTP */ = {
			isa = PBXGroup;
			children = (
				FAF292F825155A190020056B /* HTTPManager.swift */,
				FAF292FD25155F180020056B /* HTTPRouter.swift */,
			);
			path = HTTP;
			sourceTree = "<group>";
		};
		FAF292F5251554F10020056B /* Soket */ = {
			isa = PBXGroup;
			children = (
				FA3AA30F2511FD8200D5789A /* SoketManager.swift */,
				FA3AA312251203A300D5789A /* SoketRouter.swift */,
			);
			path = Soket;
			sourceTree = "<group>";
		};
		FAF292F6251558E40020056B /* Errors */ = {
			isa = PBXGroup;
			children = (
				FAADCA892514185400A23768 /* APIError.swift */,
			);
			path = Errors;
			sourceTree = "<group>";
		};
		FAF292F7251559BB0020056B /* PromiseKit */ = {
			isa = PBXGroup;
			children = (
				FA3AA2DC251138F500D5789A /* Models.swift */,
			);
			path = PromiseKit;
			sourceTree = "<group>";
		};
		FAF292FC25155A880020056B /* Managers */ = {
			isa = PBXGroup;
			children = (
				FAF292FA25155A830020056B /* Logger.swift */,
				FAFE643C25163B9E009C900B /* Animator.swift */,
			);
			path = Managers;
			sourceTree = "<group>";
		};
		FAF292FF25155FB60020056B /* Routers */ = {
			isa = PBXGroup;
			children = (
				FA3AA2EB2511393E00D5789A /* QuoteSocketRouter.swift */,
				FAF2930025155FEF0020056B /* QuoteHTTPRouter.swift */,
			);
			path = Routers;
			sourceTree = "<group>";
		};
/* End PBXGroup section */

/* Begin PBXNativeTarget section */
		FA3AA2A12511362A00D5789A /* SoketDemonstrationApp */ = {
			isa = PBXNativeTarget;
			buildConfigurationList = FA3AA2C12511362C00D5789A /* Build configuration list for PBXNativeTarget "SoketDemonstrationApp" */;
			buildPhases = (
				FA3AA29E2511362A00D5789A /* Sources */,
				FA3AA29F2511362A00D5789A /* Frameworks */,
				FA3AA2A02511362A00D5789A /* Resources */,
			);
			buildRules = (
			);
			dependencies = (
			);
			name = SoketDemonstrationApp;
			packageProductDependencies = (
				FA3AA2EF25113A3500D5789A /* SocketIO */,
			);
			productName = SoketDemonstrationApp;
			productReference = FA3AA2A22511362A00D5789A /* SoketDemonstrationApp.app */;
			productType = "com.apple.product-type.application";
		};
		FA3AA2B72511362C00D5789A /* SoketDemonstrationAppTests */ = {
			isa = PBXNativeTarget;
			buildConfigurationList = FA3AA2C42511362C00D5789A /* Build configuration list for PBXNativeTarget "SoketDemonstrationAppTests" */;
			buildPhases = (
				FA3AA2B42511362C00D5789A /* Sources */,
				FA3AA2B52511362C00D5789A /* Frameworks */,
				FA3AA2B62511362C00D5789A /* Resources */,
			);
			buildRules = (
			);
			dependencies = (
				FA3AA2BA2511362C00D5789A /* PBXTargetDependency */,
			);
			name = SoketDemonstrationAppTests;
			productName = SoketDemonstrationAppTests;
			productReference = FA3AA2B82511362C00D5789A /* SoketDemonstrationAppTests.xctest */;
			productType = "com.apple.product-type.bundle.unit-test";
		};
/* End PBXNativeTarget section */

/* Begin PBXProject section */
		FA3AA29A2511362A00D5789A /* Project object */ = {
			isa = PBXProject;
			attributes = {
				LastSwiftUpdateCheck = 1100;
				LastUpgradeCheck = 1100;
				ORGANIZATIONNAME = "Golovelv Maxim";
				TargetAttributes = {
					FA3AA2A12511362A00D5789A = {
						CreatedOnToolsVersion = 11.0;
					};
					FA3AA2B72511362C00D5789A = {
						CreatedOnToolsVersion = 11.0;
						TestTargetID = FA3AA2A12511362A00D5789A;
					};
				};
			};
			buildConfigurationList = FA3AA29D2511362A00D5789A /* Build configuration list for PBXProject "SoketDemonstrationApp" */;
			compatibilityVersion = "Xcode 9.3";
			developmentRegion = en;
			hasScannedForEncodings = 0;
			knownRegions = (
				en,
				Base,
			);
			mainGroup = FA3AA2992511362A00D5789A;
			packageReferences = (
				FA3AA2EE25113A3500D5789A /* XCRemoteSwiftPackageReference "socket" */,
			);
			productRefGroup = FA3AA2A32511362A00D5789A /* Products */;
			projectDirPath = "";
			projectRoot = "";
			targets = (
				FA3AA2A12511362A00D5789A /* SoketDemonstrationApp */,
				FA3AA2B72511362C00D5789A /* SoketDemonstrationAppTests */,
			);
		};
/* End PBXProject section */

/* Begin PBXResourcesBuildPhase section */
		FA3AA2A02511362A00D5789A /* Resources */ = {
			isa = PBXResourcesBuildPhase;
			buildActionMask = 2147483647;
			files = (
				FAADCAA025154D0900A23768 /* QuoteCell.xib in Resources */,
				FA3AA2B22511362C00D5789A /* LaunchScreen.storyboard in Resources */,
				FAADCA95251542BF00A23768 /* TabBarController.storyboard in Resources */,
				FA3AA2AF2511362C00D5789A /* Assets.xcassets in Resources */,
				FAADCA9C25154BCA00A23768 /* TopStocksViewController.storyboard in Resources */,
				FA3AA2CC2511367000D5789A /* MonitorViewController.storyboard in Resources */,
			);
			runOnlyForDeploymentPostprocessing = 0;
		};
		FA3AA2B62511362C00D5789A /* Resources */ = {
			isa = PBXResourcesBuildPhase;
			buildActionMask = 2147483647;
			files = (
			);
			runOnlyForDeploymentPostprocessing = 0;
		};
/* End PBXResourcesBuildPhase section */

/* Begin PBXSourcesBuildPhase section */
		FA3AA29E2511362A00D5789A /* Sources */ = {
			isa = PBXSourcesBuildPhase;
			buildActionMask = 2147483647;
			files = (
				FAF292FB25155A830020056B /* Logger.swift in Sources */,
				FA3AA2CE2511368200D5789A /* MonitorPresenter.swift in Sources */,
				FAADCA9A25154BC200A23768 /* TopStocksViewController.swift in Sources */,
				FAF292F925155A190020056B /* HTTPManager.swift in Sources */,
				FAF2930325156C8C0020056B /* APIService.swift in Sources */,
				FA3AA30D25113E8000D5789A /* UIViewController+Ext.swift in Sources */,
				FAF2930125155FEF0020056B /* QuoteHTTPRouter.swift in Sources */,
				FA3AA2D12511372300D5789A /* QuoteService.swift in Sources */,
				FAFE643F25191F80009C900B /* UIView+Ext.swift in Sources */,
				FAADCA972515490600A23768 /* TabBarController.swift in Sources */,
				FAADCAA8251553F300A23768 /* TopStocksPresenter.swift in Sources */,
				FAFE644125192050009C900B /* Foundation+Ext.swift in Sources */,
				FAADCA8D2514240000A23768 /* QuoteCell.swift in Sources */,
				FA3AA2E6251138F600D5789A /* Models.swift in Sources */,
				FA3AA2A62511362A00D5789A /* AppDelegate.swift in Sources */,
				FAADCA9225142A3E00A23768 /* UIImageView+Ext.swift in Sources */,
				FAF292FE25155F180020056B /* HTTPRouter.swift in Sources */,
				FA3AA2EC2511393E00D5789A /* QuoteSocketRouter.swift in Sources */,
				FA3AA313251203A300D5789A /* SoketRouter.swift in Sources */,
				FA3AA2CA2511366100D5789A /* MonitorViewController.swift in Sources */,
				FA3AA2D52511375B00D5789A /* Quote.swift in Sources */,
				FAADCA8A2514185400A23768 /* APIError.swift in Sources */,
				FA3AA3102511FD8200D5789A /* SoketManager.swift in Sources */,
				FAFE643D25163B9E009C900B /* Animator.swift in Sources */,
				FA3AA2A82511362A00D5789A /* SceneDelegate.swift in Sources */,
			);
			runOnlyForDeploymentPostprocessing = 0;
		};
		FA3AA2B42511362C00D5789A /* Sources */ = {
			isa = PBXSourcesBuildPhase;
			buildActionMask = 2147483647;
			files = (
				FA3AA30E25113E8000D5789A /* UIViewController+Ext.swift in Sources */,
				FA3AA2D22511372300D5789A /* QuoteService.swift in Sources */,
				FA3AA2D62511375B00D5789A /* Quote.swift in Sources */,
				FAFE6442251927A2009C900B /* APIError.swift in Sources */,
				FA3AA2ED2511393E00D5789A /* QuoteSocketRouter.swift in Sources */,
				FA3AA3112511FD8200D5789A /* SoketManager.swift in Sources */,
				FAFE644725192809009C900B /* Foundation+Ext.swift in Sources */,
				FAFE6445251927E4009C900B /* QuoteHTTPRouter.swift in Sources */,
				FA3AA2E7251138F600D5789A /* Models.swift in Sources */,
				FAFE6444251927D5009C900B /* Logger.swift in Sources */,
				FA3AA2BD2511362C00D5789A /* SoketDemonstrationAppTests.swift in Sources */,
				FAFE6446251927F5009C900B /* HTTPRouter.swift in Sources */,
				FAFE6443251927A7009C900B /* HTTPManager.swift in Sources */,
				FA91EB7D25158120001B3693 /* APIService.swift in Sources */,
				FA3AA314251203A300D5789A /* SoketRouter.swift in Sources */,
			);
			runOnlyForDeploymentPostprocessing = 0;
		};
/* End PBXSourcesBuildPhase section */

/* Begin PBXTargetDependency section */
		FA3AA2BA2511362C00D5789A /* PBXTargetDependency */ = {
			isa = PBXTargetDependency;
			target = FA3AA2A12511362A00D5789A /* SoketDemonstrationApp */;
			targetProxy = FA3AA2B92511362C00D5789A /* PBXContainerItemProxy */;
		};
/* End PBXTargetDependency section */

/* Begin PBXVariantGroup section */
		FA3AA2B02511362C00D5789A /* LaunchScreen.storyboard */ = {
			isa = PBXVariantGroup;
			children = (
				FA3AA2B12511362C00D5789A /* Base */,
			);
			name = LaunchScreen.storyboard;
			sourceTree = "<group>";
		};
/* End PBXVariantGroup section */

/* Begin XCBuildConfiguration section */
		FA3AA2BF2511362C00D5789A /* Debug */ = {
			isa = XCBuildConfiguration;
			buildSettings = {
				ALWAYS_SEARCH_USER_PATHS = NO;
				CLANG_ANALYZER_NONNULL = YES;
				CLANG_ANALYZER_NUMBER_OBJECT_CONVERSION = YES_AGGRESSIVE;
				CLANG_CXX_LANGUAGE_STANDARD = "gnu++14";
				CLANG_CXX_LIBRARY = "libc++";
				CLANG_ENABLE_MODULES = YES;
				CLANG_ENABLE_OBJC_ARC = YES;
				CLANG_ENABLE_OBJC_WEAK = YES;
				CLANG_WARN_BLOCK_CAPTURE_AUTORELEASING = YES;
				CLANG_WARN_BOOL_CONVERSION = YES;
				CLANG_WARN_COMMA = YES;
				CLANG_WARN_CONSTANT_CONVERSION = YES;
				CLANG_WARN_DEPRECATED_OBJC_IMPLEMENTATIONS = YES;
				CLANG_WARN_DIRECT_OBJC_ISA_USAGE = YES_ERROR;
				CLANG_WARN_DOCUMENTATION_COMMENTS = YES;
				CLANG_WARN_EMPTY_BODY = YES;
				CLANG_WARN_ENUM_CONVERSION = YES;
				CLANG_WARN_INFINITE_RECURSION = YES;
				CLANG_WARN_INT_CONVERSION = YES;
				CLANG_WARN_NON_LITERAL_NULL_CONVERSION = YES;
				CLANG_WARN_OBJC_IMPLICIT_RETAIN_SELF = YES;
				CLANG_WARN_OBJC_LITERAL_CONVERSION = YES;
				CLANG_WARN_OBJC_ROOT_CLASS = YES_ERROR;
				CLANG_WARN_RANGE_LOOP_ANALYSIS = YES;
				CLANG_WARN_STRICT_PROTOTYPES = YES;
				CLANG_WARN_SUSPICIOUS_MOVE = YES;
				CLANG_WARN_UNGUARDED_AVAILABILITY = YES_AGGRESSIVE;
				CLANG_WARN_UNREACHABLE_CODE = YES;
				CLANG_WARN__DUPLICATE_METHOD_MATCH = YES;
				COPY_PHASE_STRIP = NO;
				DEBUG_INFORMATION_FORMAT = dwarf;
				ENABLE_STRICT_OBJC_MSGSEND = YES;
				ENABLE_TESTABILITY = YES;
				GCC_C_LANGUAGE_STANDARD = gnu11;
				GCC_DYNAMIC_NO_PIC = NO;
				GCC_NO_COMMON_BLOCKS = YES;
				GCC_OPTIMIZATION_LEVEL = 0;
				GCC_PREPROCESSOR_DEFINITIONS = (
					"DEBUG=1",
					"$(inherited)",
				);
				GCC_WARN_64_TO_32_BIT_CONVERSION = YES;
				GCC_WARN_ABOUT_RETURN_TYPE = YES_ERROR;
				GCC_WARN_UNDECLARED_SELECTOR = YES;
				GCC_WARN_UNINITIALIZED_AUTOS = YES_AGGRESSIVE;
				GCC_WARN_UNUSED_FUNCTION = YES;
				GCC_WARN_UNUSED_VARIABLE = YES;
				IPHONEOS_DEPLOYMENT_TARGET = 13.0;
				MTL_ENABLE_DEBUG_INFO = INCLUDE_SOURCE;
				MTL_FAST_MATH = YES;
				ONLY_ACTIVE_ARCH = YES;
				SDKROOT = iphoneos;
				SWIFT_ACTIVE_COMPILATION_CONDITIONS = DEBUG;
				SWIFT_OPTIMIZATION_LEVEL = "-Onone";
			};
			name = Debug;
		};
		FA3AA2C02511362C00D5789A /* Release */ = {
			isa = XCBuildConfiguration;
			buildSettings = {
				ALWAYS_SEARCH_USER_PATHS = NO;
				CLANG_ANALYZER_NONNULL = YES;
				CLANG_ANALYZER_NUMBER_OBJECT_CONVERSION = YES_AGGRESSIVE;
				CLANG_CXX_LANGUAGE_STANDARD = "gnu++14";
				CLANG_CXX_LIBRARY = "libc++";
				CLANG_ENABLE_MODULES = YES;
				CLANG_ENABLE_OBJC_ARC = YES;
				CLANG_ENABLE_OBJC_WEAK = YES;
				CLANG_WARN_BLOCK_CAPTURE_AUTORELEASING = YES;
				CLANG_WARN_BOOL_CONVERSION = YES;
				CLANG_WARN_COMMA = YES;
				CLANG_WARN_CONSTANT_CONVERSION = YES;
				CLANG_WARN_DEPRECATED_OBJC_IMPLEMENTATIONS = YES;
				CLANG_WARN_DIRECT_OBJC_ISA_USAGE = YES_ERROR;
				CLANG_WARN_DOCUMENTATION_COMMENTS = YES;
				CLANG_WARN_EMPTY_BODY = YES;
				CLANG_WARN_ENUM_CONVERSION = YES;
				CLANG_WARN_INFINITE_RECURSION = YES;
				CLANG_WARN_INT_CONVERSION = YES;
				CLANG_WARN_NON_LITERAL_NULL_CONVERSION = YES;
				CLANG_WARN_OBJC_IMPLICIT_RETAIN_SELF = YES;
				CLANG_WARN_OBJC_LITERAL_CONVERSION = YES;
				CLANG_WARN_OBJC_ROOT_CLASS = YES_ERROR;
				CLANG_WARN_RANGE_LOOP_ANALYSIS = YES;
				CLANG_WARN_STRICT_PROTOTYPES = YES;
				CLANG_WARN_SUSPICIOUS_MOVE = YES;
				CLANG_WARN_UNGUARDED_AVAILABILITY = YES_AGGRESSIVE;
				CLANG_WARN_UNREACHABLE_CODE = YES;
				CLANG_WARN__DUPLICATE_METHOD_MATCH = YES;
				COPY_PHASE_STRIP = NO;
				DEBUG_INFORMATION_FORMAT = "dwarf-with-dsym";
				ENABLE_NS_ASSERTIONS = NO;
				ENABLE_STRICT_OBJC_MSGSEND = YES;
				GCC_C_LANGUAGE_STANDARD = gnu11;
				GCC_NO_COMMON_BLOCKS = YES;
				GCC_WARN_64_TO_32_BIT_CONVERSION = YES;
				GCC_WARN_ABOUT_RETURN_TYPE = YES_ERROR;
				GCC_WARN_UNDECLARED_SELECTOR = YES;
				GCC_WARN_UNINITIALIZED_AUTOS = YES_AGGRESSIVE;
				GCC_WARN_UNUSED_FUNCTION = YES;
				GCC_WARN_UNUSED_VARIABLE = YES;
				IPHONEOS_DEPLOYMENT_TARGET = 13.0;
				MTL_ENABLE_DEBUG_INFO = NO;
				MTL_FAST_MATH = YES;
				SDKROOT = iphoneos;
				SWIFT_COMPILATION_MODE = wholemodule;
				SWIFT_OPTIMIZATION_LEVEL = "-O";
				VALIDATE_PRODUCT = YES;
			};
			name = Release;
		};
		FA3AA2C22511362C00D5789A /* Debug */ = {
			isa = XCBuildConfiguration;
			buildSettings = {
				ASSETCATALOG_COMPILER_APPICON_NAME = AppIcon;
				CODE_SIGN_STYLE = Automatic;
				DEVELOPMENT_TEAM = L9X87CF2B9;
				INFOPLIST_FILE = SoketDemonstrationApp/Info.plist;
				LD_RUNPATH_SEARCH_PATHS = (
					"$(inherited)",
					"@executable_path/Frameworks",
				);
				PRODUCT_BUNDLE_IDENTIFIER = com.golovlev.maxim.SoketDemonstrationApp;
				PRODUCT_NAME = "$(TARGET_NAME)";
				SWIFT_VERSION = 5.0;
				TARGETED_DEVICE_FAMILY = "1,2";
			};
			name = Debug;
		};
		FA3AA2C32511362C00D5789A /* Release */ = {
			isa = XCBuildConfiguration;
			buildSettings = {
				ASSETCATALOG_COMPILER_APPICON_NAME = AppIcon;
				CODE_SIGN_STYLE = Automatic;
				DEVELOPMENT_TEAM = L9X87CF2B9;
				INFOPLIST_FILE = SoketDemonstrationApp/Info.plist;
				LD_RUNPATH_SEARCH_PATHS = (
					"$(inherited)",
					"@executable_path/Frameworks",
				);
				PRODUCT_BUNDLE_IDENTIFIER = com.golovlev.maxim.SoketDemonstrationApp;
				PRODUCT_NAME = "$(TARGET_NAME)";
				SWIFT_VERSION = 5.0;
				TARGETED_DEVICE_FAMILY = "1,2";
			};
			name = Release;
		};
		FA3AA2C52511362C00D5789A /* Debug */ = {
			isa = XCBuildConfiguration;
			buildSettings = {
				ALWAYS_EMBED_SWIFT_STANDARD_LIBRARIES = YES;
				BUNDLE_LOADER = "$(TEST_HOST)";
				CODE_SIGN_STYLE = Automatic;
				DEVELOPMENT_TEAM = L9X87CF2B9;
				INFOPLIST_FILE = SoketDemonstrationAppTests/Info.plist;
				IPHONEOS_DEPLOYMENT_TARGET = 13.0;
				LD_RUNPATH_SEARCH_PATHS = (
					"$(inherited)",
					"@executable_path/Frameworks",
					"@loader_path/Frameworks",
				);
				PRODUCT_BUNDLE_IDENTIFIER = com.golovlev.maxim.SoketDemonstrationAppTests;
				PRODUCT_NAME = "$(TARGET_NAME)";
				SWIFT_VERSION = 5.0;
				TARGETED_DEVICE_FAMILY = "1,2";
				TEST_HOST = "$(BUILT_PRODUCTS_DIR)/SoketDemonstrationApp.app/SoketDemonstrationApp";
			};
			name = Debug;
		};
		FA3AA2C62511362C00D5789A /* Release */ = {
			isa = XCBuildConfiguration;
			buildSettings = {
				ALWAYS_EMBED_SWIFT_STANDARD_LIBRARIES = YES;
				BUNDLE_LOADER = "$(TEST_HOST)";
				CODE_SIGN_STYLE = Automatic;
				DEVELOPMENT_TEAM = L9X87CF2B9;
				INFOPLIST_FILE = SoketDemonstrationAppTests/Info.plist;
				IPHONEOS_DEPLOYMENT_TARGET = 13.0;
				LD_RUNPATH_SEARCH_PATHS = (
					"$(inherited)",
					"@executable_path/Frameworks",
					"@loader_path/Frameworks",
				);
				PRODUCT_BUNDLE_IDENTIFIER = com.golovlev.maxim.SoketDemonstrationAppTests;
				PRODUCT_NAME = "$(TARGET_NAME)";
				SWIFT_VERSION = 5.0;
				TARGETED_DEVICE_FAMILY = "1,2";
				TEST_HOST = "$(BUILT_PRODUCTS_DIR)/SoketDemonstrationApp.app/SoketDemonstrationApp";
			};
			name = Release;
		};
/* End XCBuildConfiguration section */

/* Begin XCConfigurationList section */
		FA3AA29D2511362A00D5789A /* Build configuration list for PBXProject "SoketDemonstrationApp" */ = {
			isa = XCConfigurationList;
			buildConfigurations = (
				FA3AA2BF2511362C00D5789A /* Debug */,
				FA3AA2C02511362C00D5789A /* Release */,
			);
			defaultConfigurationIsVisible = 0;
			defaultConfigurationName = Release;
		};
		FA3AA2C12511362C00D5789A /* Build configuration list for PBXNativeTarget "SoketDemonstrationApp" */ = {
			isa = XCConfigurationList;
			buildConfigurations = (
				FA3AA2C22511362C00D5789A /* Debug */,
				FA3AA2C32511362C00D5789A /* Release */,
			);
			defaultConfigurationIsVisible = 0;
			defaultConfigurationName = Release;
		};
		FA3AA2C42511362C00D5789A /* Build configuration list for PBXNativeTarget "SoketDemonstrationAppTests" */ = {
			isa = XCConfigurationList;
			buildConfigurations = (
				FA3AA2C52511362C00D5789A /* Debug */,
				FA3AA2C62511362C00D5789A /* Release */,
			);
			defaultConfigurationIsVisible = 0;
			defaultConfigurationName = Release;
		};
/* End XCConfigurationList section */

/* Begin XCRemoteSwiftPackageReference section */
		FA3AA2EE25113A3500D5789A /* XCRemoteSwiftPackageReference "socket" */ = {
			isa = XCRemoteSwiftPackageReference;
			repositoryURL = "https://github.com/socketio/socket.io-client-swift";
			requirement = {
				kind = upToNextMajorVersion;
				minimumVersion = 15.2.0;
			};
		};
/* End XCRemoteSwiftPackageReference section */

/* Begin XCSwiftPackageProductDependency section */
		FA3AA2EF25113A3500D5789A /* SocketIO */ = {
			isa = XCSwiftPackageProductDependency;
			package = FA3AA2EE25113A3500D5789A /* XCRemoteSwiftPackageReference "socket" */;
			productName = SocketIO;
		};
/* End XCSwiftPackageProductDependency section */
	};
	rootObject = FA3AA29A2511362A00D5789A /* Project object */;
}
